
Microsoft Visual Studio Solution File, Format Version 12.00
# Visual Studio Version 16
VisualStudioVersion = 16.0.29319.158
MinimumVisualStudioVersion = 10.0.40219.1
Project("{2150E333-8FDC-42A3-9474-1A3956D46DE8}") = "Solution Items", "Solution Items", "{BBC73188-F22A-4ECF-92E4-A5E078F29245}"
	ProjectSection(SolutionItems) = preProject
		.editorconfig = .editorconfig
		CONTRIBUTING.md = CONTRIBUTING.md
		README.md = README.md
	EndProjectSection
EndProject
Project("{2150E333-8FDC-42A3-9474-1A3956D46DE8}") = "src", "src", "{6ED356A7-8B47-4613-AD01-C85CF28491BD}"
EndProject
Project("{2150E333-8FDC-42A3-9474-1A3956D46DE8}") = "tests", "tests", "{664D406C-2F83-48F0-BFC3-408D5CB53C65}"
EndProject
Project("{9A19103F-16F7-4668-BE54-9A1E7A4F7556}") = "WebUI", "src\WebUI\WebUI.csproj", "{A5AEFB21-B060-451F-B905-85EDF562ECA1}"
EndProject
Project("{9A19103F-16F7-4668-BE54-9A1E7A4F7556}") = "Application", "src\Application\Application.csproj", "{FC1D3B78-9C5C-403B-BFB9-3D57AF36A592}"
EndProject
Project("{9A19103F-16F7-4668-BE54-9A1E7A4F7556}") = "Domain", "src\Domain\Domain.csproj", "{C2386A60-2A46-4F73-8FA0-5846F62C829F}"
EndProject
Project("{9A19103F-16F7-4668-BE54-9A1E7A4F7556}") = "Infrastructure", "src\Infrastructure\Infrastructure.csproj", "{A35CAC23-B7E6-44AB-84DC-D51A9462907C}"
EndProject
Project("{9A19103F-16F7-4668-BE54-9A1E7A4F7556}") = "Domain.UnitTests", "tests\Domain.UnitTests\Domain.UnitTests.csproj", "{1635B811-CD24-404E-9F41-3D9D852C89D5}"
EndProject
Project("{9A19103F-16F7-4668-BE54-9A1E7A4F7556}") = "Infrastructure.IntegrationTests", "tests\Infrastructure.IntegrationTests\Infrastructure.IntegrationTests.csproj", "{54C078A7-BC28-4080-94FF-FD1214CF8F69}"
EndProject
Project("{9A19103F-16F7-4668-BE54-9A1E7A4F7556}") = "WebUI.IntegrationTests", "tests\WebUI.IntegrationTests\WebUI.IntegrationTests.csproj", "{FB50E42B-7CB0-456F-B1B7-C6250BAD8692}"
EndProject
Project("{9A19103F-16F7-4668-BE54-9A1E7A4F7556}") = "Application.UnitTests", "tests\Application.UnitTests\Application.UnitTests.csproj", "{595DAD6B-4CC1-4B6D-9CD8-E2381A36983E}"
EndProject
Project("{9A19103F-16F7-4668-BE54-9A1E7A4F7556}") = "Auth", "src\Auth\Auth.csproj", "{CA96117F-41D9-4829-8FD4-8B36A7976D18}"
EndProject
Project("{9A19103F-16F7-4668-BE54-9A1E7A4F7556}") = "Auth.IntegratonTests", "tests\Auth.IntegratonTests\Auth.IntegratonTests.csproj", "{29FC7CC0-65AD-44E1-A61F-B2F46B5DF233}"
EndProject
Global
	GlobalSection(SolutionConfigurationPlatforms) = preSolution
		Debug|Any CPU = Debug|Any CPU
		Release|Any CPU = Release|Any CPU
	EndGlobalSection
	GlobalSection(ProjectConfigurationPlatforms) = postSolution
		{A5AEFB21-B060-451F-B905-85EDF562ECA1}.Debug|Any CPU.ActiveCfg = Debug|Any CPU
		{A5AEFB21-B060-451F-B905-85EDF562ECA1}.Debug|Any CPU.Build.0 = Debug|Any CPU
		{A5AEFB21-B060-451F-B905-85EDF562ECA1}.Release|Any CPU.ActiveCfg = Release|Any CPU
		{A5AEFB21-B060-451F-B905-85EDF562ECA1}.Release|Any CPU.Build.0 = Release|Any CPU
		{FC1D3B78-9C5C-403B-BFB9-3D57AF36A592}.Debug|Any CPU.ActiveCfg = Debug|Any CPU
		{FC1D3B78-9C5C-403B-BFB9-3D57AF36A592}.Debug|Any CPU.Build.0 = Debug|Any CPU
		{FC1D3B78-9C5C-403B-BFB9-3D57AF36A592}.Release|Any CPU.ActiveCfg = Release|Any CPU
		{FC1D3B78-9C5C-403B-BFB9-3D57AF36A592}.Release|Any CPU.Build.0 = Release|Any CPU
		{C2386A60-2A46-4F73-8FA0-5846F62C829F}.Debug|Any CPU.ActiveCfg = Debug|Any CPU
		{C2386A60-2A46-4F73-8FA0-5846F62C829F}.Debug|Any CPU.Build.0 = Debug|Any CPU
		{C2386A60-2A46-4F73-8FA0-5846F62C829F}.Release|Any CPU.ActiveCfg = Release|Any CPU
		{C2386A60-2A46-4F73-8FA0-5846F62C829F}.Release|Any CPU.Build.0 = Release|Any CPU
		{A35CAC23-B7E6-44AB-84DC-D51A9462907C}.Debug|Any CPU.ActiveCfg = Debug|Any CPU
		{A35CAC23-B7E6-44AB-84DC-D51A9462907C}.Debug|Any CPU.Build.0 = Debug|Any CPU
		{A35CAC23-B7E6-44AB-84DC-D51A9462907C}.Release|Any CPU.ActiveCfg = Release|Any CPU
		{A35CAC23-B7E6-44AB-84DC-D51A9462907C}.Release|Any CPU.Build.0 = Release|Any CPU
		{1635B811-CD24-404E-9F41-3D9D852C89D5}.Debug|Any CPU.ActiveCfg = Debug|Any CPU
		{1635B811-CD24-404E-9F41-3D9D852C89D5}.Debug|Any CPU.Build.0 = Debug|Any CPU
		{1635B811-CD24-404E-9F41-3D9D852C89D5}.Release|Any CPU.ActiveCfg = Release|Any CPU
		{1635B811-CD24-404E-9F41-3D9D852C89D5}.Release|Any CPU.Build.0 = Release|Any CPU
		{54C078A7-BC28-4080-94FF-FD1214CF8F69}.Debug|Any CPU.ActiveCfg = Debug|Any CPU
		{54C078A7-BC28-4080-94FF-FD1214CF8F69}.Debug|Any CPU.Build.0 = Debug|Any CPU
		{54C078A7-BC28-4080-94FF-FD1214CF8F69}.Release|Any CPU.ActiveCfg = Release|Any CPU
		{54C078A7-BC28-4080-94FF-FD1214CF8F69}.Release|Any CPU.Build.0 = Release|Any CPU
		{FB50E42B-7CB0-456F-B1B7-C6250BAD8692}.Debug|Any CPU.ActiveCfg = Debug|Any CPU
		{FB50E42B-7CB0-456F-B1B7-C6250BAD8692}.Debug|Any CPU.Build.0 = Debug|Any CPU
		{FB50E42B-7CB0-456F-B1B7-C6250BAD8692}.Release|Any CPU.ActiveCfg = Release|Any CPU
		{FB50E42B-7CB0-456F-B1B7-C6250BAD8692}.Release|Any CPU.Build.0 = Release|Any CPU
		{595DAD6B-4CC1-4B6D-9CD8-E2381A36983E}.Debug|Any CPU.ActiveCfg = Debug|Any CPU
		{595DAD6B-4CC1-4B6D-9CD8-E2381A36983E}.Debug|Any CPU.Build.0 = Debug|Any CPU
		{595DAD6B-4CC1-4B6D-9CD8-E2381A36983E}.Release|Any CPU.ActiveCfg = Release|Any CPU
		{595DAD6B-4CC1-4B6D-9CD8-E2381A36983E}.Release|Any CPU.Build.0 = Release|Any CPU
		{CA96117F-41D9-4829-8FD4-8B36A7976D18}.Debug|Any CPU.ActiveCfg = Debug|Any CPU
		{CA96117F-41D9-4829-8FD4-8B36A7976D18}.Debug|Any CPU.Build.0 = Debug|Any CPU
		{CA96117F-41D9-4829-8FD4-8B36A7976D18}.Release|Any CPU.ActiveCfg = Release|Any CPU
		{CA96117F-41D9-4829-8FD4-8B36A7976D18}.Release|Any CPU.Build.0 = Release|Any CPU
		{29FC7CC0-65AD-44E1-A61F-B2F46B5DF233}.Debug|Any CPU.ActiveCfg = Debug|Any CPU
		{29FC7CC0-65AD-44E1-A61F-B2F46B5DF233}.Debug|Any CPU.Build.0 = Debug|Any CPU
		{29FC7CC0-65AD-44E1-A61F-B2F46B5DF233}.Release|Any CPU.ActiveCfg = Release|Any CPU
		{29FC7CC0-65AD-44E1-A61F-B2F46B5DF233}.Release|Any CPU.Build.0 = Release|Any CPU
	EndGlobalSection
	GlobalSection(SolutionProperties) = preSolution
		HideSolutionNode = FALSE
	EndGlobalSection
	GlobalSection(NestedProjects) = preSolution
		{A5AEFB21-B060-451F-B905-85EDF562ECA1} = {6ED356A7-8B47-4613-AD01-C85CF28491BD}
		{FC1D3B78-9C5C-403B-BFB9-3D57AF36A592} = {6ED356A7-8B47-4613-AD01-C85CF28491BD}
		{C2386A60-2A46-4F73-8FA0-5846F62C829F} = {6ED356A7-8B47-4613-AD01-C85CF28491BD}
		{A35CAC23-B7E6-44AB-84DC-D51A9462907C} = {6ED356A7-8B47-4613-AD01-C85CF28491BD}
		{1635B811-CD24-404E-9F41-3D9D852C89D5} = {664D406C-2F83-48F0-BFC3-408D5CB53C65}
		{54C078A7-BC28-4080-94FF-FD1214CF8F69} = {664D406C-2F83-48F0-BFC3-408D5CB53C65}
		{FB50E42B-7CB0-456F-B1B7-C6250BAD8692} = {664D406C-2F83-48F0-BFC3-408D5CB53C65}
		{595DAD6B-4CC1-4B6D-9CD8-E2381A36983E} = {664D406C-2F83-48F0-BFC3-408D5CB53C65}
		{CA96117F-41D9-4829-8FD4-8B36A7976D18} = {6ED356A7-8B47-4613-AD01-C85CF28491BD}
		{29FC7CC0-65AD-44E1-A61F-B2F46B5DF233} = {664D406C-2F83-48F0-BFC3-408D5CB53C65}
	EndGlobalSection
	GlobalSection(ExtensibilityGlobals) = postSolution
		SolutionGuid = {80AE56D1-6AAB-452A-9820-7893F0DC62AD}
	EndGlobalSection
EndGlobal
