
Microsoft Visual Studio Solution File, Format Version 12.00
# Visual Studio Version 16
VisualStudioVersion = 16.0.29709.97
MinimumVisualStudioVersion = 10.0.40219.1
Project("{9A19103F-16F7-4668-BE54-9A1E7A4F7556}") = "Codidact.Core.DomainModel", "Codidact.Core.DomainModel\Codidact.Core.DomainModel.csproj", "{6EF3731E-D29F-4E6D-8AEB-2FDFB32D0680}"
EndProject
Project("{9A19103F-16F7-4668-BE54-9A1E7A4F7556}") = "Codidact.Core.DomainServices", "Codidact.Core.DomainServices\Codidact.Core.DomainServices.csproj", "{96847DA7-27CA-4F3E-8B59-9C71A8F25582}"
	ProjectSection(ProjectDependencies) = postProject
		{6EF3731E-D29F-4E6D-8AEB-2FDFB32D0680} = {6EF3731E-D29F-4E6D-8AEB-2FDFB32D0680}
		{EF246F63-5E9C-4ABB-800D-FA73BC121A96} = {EF246F63-5E9C-4ABB-800D-FA73BC121A96}
	EndProjectSection
EndProject
Project("{9A19103F-16F7-4668-BE54-9A1E7A4F7556}") = "Codidact.Core.Infrastructure", "Codidact.Core.Infrastructure\Codidact.Core.Infrastructure.csproj", "{EF246F63-5E9C-4ABB-800D-FA73BC121A96}"
	ProjectSection(ProjectDependencies) = postProject
		{6EF3731E-D29F-4E6D-8AEB-2FDFB32D0680} = {6EF3731E-D29F-4E6D-8AEB-2FDFB32D0680}
	EndProjectSection
EndProject
Project("{9A19103F-16F7-4668-BE54-9A1E7A4F7556}") = "Codidact.Core.WebApplication", "Codidact.Core.WebApplication\Codidact.Core.WebApplication.csproj", "{E23B1A45-73B1-485B-A22C-0C4D422BE8B5}"
	ProjectSection(ProjectDependencies) = postProject
		{96847DA7-27CA-4F3E-8B59-9C71A8F25582} = {96847DA7-27CA-4F3E-8B59-9C71A8F25582}
	EndProjectSection
EndProject
Global
	GlobalSection(SolutionConfigurationPlatforms) = preSolution
		Debug|Any CPU = Debug|Any CPU
		Release|Any CPU = Release|Any CPU
	EndGlobalSection
	GlobalSection(ProjectConfigurationPlatforms) = postSolution
		{6EF3731E-D29F-4E6D-8AEB-2FDFB32D0680}.Debug|Any CPU.ActiveCfg = Debug|Any CPU
		{6EF3731E-D29F-4E6D-8AEB-2FDFB32D0680}.Debug|Any CPU.Build.0 = Debug|Any CPU
		{6EF3731E-D29F-4E6D-8AEB-2FDFB32D0680}.Release|Any CPU.ActiveCfg = Release|Any CPU
		{6EF3731E-D29F-4E6D-8AEB-2FDFB32D0680}.Release|Any CPU.Build.0 = Release|Any CPU
		{96847DA7-27CA-4F3E-8B59-9C71A8F25582}.Debug|Any CPU.ActiveCfg = Debug|Any CPU
		{96847DA7-27CA-4F3E-8B59-9C71A8F25582}.Debug|Any CPU.Build.0 = Debug|Any CPU
		{96847DA7-27CA-4F3E-8B59-9C71A8F25582}.Release|Any CPU.ActiveCfg = Release|Any CPU
		{96847DA7-27CA-4F3E-8B59-9C71A8F25582}.Release|Any CPU.Build.0 = Release|Any CPU
		{EF246F63-5E9C-4ABB-800D-FA73BC121A96}.Debug|Any CPU.ActiveCfg = Debug|Any CPU
		{EF246F63-5E9C-4ABB-800D-FA73BC121A96}.Debug|Any CPU.Build.0 = Debug|Any CPU
		{EF246F63-5E9C-4ABB-800D-FA73BC121A96}.Release|Any CPU.ActiveCfg = Release|Any CPU
		{EF246F63-5E9C-4ABB-800D-FA73BC121A96}.Release|Any CPU.Build.0 = Release|Any CPU
		{E23B1A45-73B1-485B-A22C-0C4D422BE8B5}.Debug|Any CPU.ActiveCfg = Debug|Any CPU
		{E23B1A45-73B1-485B-A22C-0C4D422BE8B5}.Debug|Any CPU.Build.0 = Debug|Any CPU
		{E23B1A45-73B1-485B-A22C-0C4D422BE8B5}.Release|Any CPU.ActiveCfg = Release|Any CPU
		{E23B1A45-73B1-485B-A22C-0C4D422BE8B5}.Release|Any CPU.Build.0 = Release|Any CPU
	EndGlobalSection
	GlobalSection(SolutionProperties) = preSolution
		HideSolutionNode = FALSE
	EndGlobalSection
	GlobalSection(ExtensibilityGlobals) = postSolution
		SolutionGuid = {A1AD5597-B3B0-4F2F-8B21-A472073F3770}
	EndGlobalSection
EndGlobal
